
Microsoft Visual Studio Solution File, Format Version 12.00
# Visual Studio 2012
Project("{FAE04EC0-301F-11D3-BF4B-00C04F79EFBC}") = "sqlitetest", "sqlitetest\sqlitetest.csproj", "{34E83161-E44E-4E29-B78A-5F9CBA250C6D}"
EndProject
Project("{2150E333-8FDC-42A3-9474-1A3956D46DE8}") = ".nuget", ".nuget", "{25CCDE5E-3D29-4FD1-97DF-FE2661328FC4}"
EndProject
Global
	GlobalSection(SolutionConfigurationPlatforms) = preSolution
		Debug|Any CPU = Debug|Any CPU
		Release|Any CPU = Release|Any CPU
	EndGlobalSection
	GlobalSection(ProjectConfigurationPlatforms) = postSolution
		{34E83161-E44E-4E29-B78A-5F9CBA250C6D}.Debug|Any CPU.ActiveCfg = Debug|Any CPU
		{34E83161-E44E-4E29-B78A-5F9CBA250C6D}.Debug|Any CPU.Build.0 = Debug|Any CPU
		{34E83161-E44E-4E29-B78A-5F9CBA250C6D}.Release|Any CPU.ActiveCfg = Release|Any CPU
		{34E83161-E44E-4E29-B78A-5F9CBA250C6D}.Release|Any CPU.Build.0 = Release|Any CPU
	EndGlobalSection
	GlobalSection(SolutionProperties) = preSolution
		HideSolutionNode = FALSE
	EndGlobalSection
EndGlobal
